// !$*UTF8*$!
{
	archiveVersion = 1;
	classes = {
	};
	objectVersion = 50;
	objects = {

/* Begin PBXBuildFile section */
		2269DF122A5FBBEFB69D5743 /* Pods_SnapChats.framework in Frameworks */ = {isa = PBXBuildFile; fileRef = 6A5776BE6C5D76F92C19CB49 /* Pods_SnapChats.framework */; };
		688EBB4C20AA113E005DEE6C /* AppDelegate.swift in Sources */ = {isa = PBXBuildFile; fileRef = 688EBB4B20AA113E005DEE6C /* AppDelegate.swift */; };
		688EBB4E20AA113E005DEE6C /* iniciarSesionViewController.swift in Sources */ = {isa = PBXBuildFile; fileRef = 688EBB4D20AA113E005DEE6C /* iniciarSesionViewController.swift */; };
		688EBB5120AA113E005DEE6C /* Main.storyboard in Resources */ = {isa = PBXBuildFile; fileRef = 688EBB4F20AA113E005DEE6C /* Main.storyboard */; };
		688EBB5320AA113F005DEE6C /* Assets.xcassets in Resources */ = {isa = PBXBuildFile; fileRef = 688EBB5220AA113F005DEE6C /* Assets.xcassets */; };
		688EBB5620AA113F005DEE6C /* LaunchScreen.storyboard in Resources */ = {isa = PBXBuildFile; fileRef = 688EBB5420AA113F005DEE6C /* LaunchScreen.storyboard */; };
		688EBB5E20AA16BE005DEE6C /* GoogleService-Info.plist in Resources */ = {isa = PBXBuildFile; fileRef = 688EBB5D20AA16BE005DEE6C /* GoogleService-Info.plist */; };
		688EBB6020AA219F005DEE6C /* 1.jpg in Resources */ = {isa = PBXBuildFile; fileRef = 688EBB5F20AA219F005DEE6C /* 1.jpg */; };
/* End PBXBuildFile section */

/* Begin PBXFileReference section */
		622D49580DD9E87C24AC8E27 /* Pods-SnapChats.debug.xcconfig */ = {isa = PBXFileReference; includeInIndex = 1; lastKnownFileType = text.xcconfig; name = "Pods-SnapChats.debug.xcconfig"; path = "Pods/Target Support Files/Pods-SnapChats/Pods-SnapChats.debug.xcconfig"; sourceTree = "<group>"; };
		688EBB4820AA113E005DEE6C /* SnapChats.app */ = {isa = PBXFileReference; explicitFileType = wrapper.application; includeInIndex = 0; path = SnapChats.app; sourceTree = BUILT_PRODUCTS_DIR; };
		688EBB4B20AA113E005DEE6C /* AppDelegate.swift */ = {isa = PBXFileReference; lastKnownFileType = sourcecode.swift; path = AppDelegate.swift; sourceTree = "<group>"; };
		688EBB4D20AA113E005DEE6C /* iniciarSesionViewController.swift */ = {isa = PBXFileReference; lastKnownFileType = sourcecode.swift; path = iniciarSesionViewController.swift; sourceTree = "<group>"; };
		688EBB5020AA113E005DEE6C /* Base */ = {isa = PBXFileReference; lastKnownFileType = file.storyboard; name = Base; path = Base.lproj/Main.storyboard; sourceTree = "<group>"; };
		688EBB5220AA113F005DEE6C /* Assets.xcassets */ = {isa = PBXFileReference; lastKnownFileType = folder.assetcatalog; path = Assets.xcassets; sourceTree = "<group>"; };
		688EBB5520AA113F005DEE6C /* Base */ = {isa = PBXFileReference; lastKnownFileType = file.storyboard; name = Base; path = Base.lproj/LaunchScreen.storyboard; sourceTree = "<group>"; };
		688EBB5720AA113F005DEE6C /* Info.plist */ = {isa = PBXFileReference; lastKnownFileType = text.plist.xml; path = Info.plist; sourceTree = "<group>"; };
		688EBB5D20AA16BE005DEE6C /* GoogleService-Info.plist */ = {isa = PBXFileReference; fileEncoding = 4; lastKnownFileType = text.plist.xml; path = "GoogleService-Info.plist"; sourceTree = "<group>"; };
		688EBB5F20AA219F005DEE6C /* 1.jpg */ = {isa = PBXFileReference; lastKnownFileType = image.jpeg; path = 1.jpg; sourceTree = "<group>"; };
		6A5776BE6C5D76F92C19CB49 /* Pods_SnapChats.framework */ = {isa = PBXFileReference; explicitFileType = wrapper.framework; includeInIndex = 0; path = Pods_SnapChats.framework; sourceTree = BUILT_PRODUCTS_DIR; };
		7553513AB55497C341C7EC59 /* Pods-SnapChats.release.xcconfig */ = {isa = PBXFileReference; includeInIndex = 1; lastKnownFileType = text.xcconfig; name = "Pods-SnapChats.release.xcconfig"; path = "Pods/Target Support Files/Pods-SnapChats/Pods-SnapChats.release.xcconfig"; sourceTree = "<group>"; };
/* End PBXFileReference section */

/* Begin PBXFrameworksBuildPhase section */
		688EBB4520AA113E005DEE6C /* Frameworks */ = {
			isa = PBXFrameworksBuildPhase;
			buildActionMask = 2147483647;
			files = (
				2269DF122A5FBBEFB69D5743 /* Pods_SnapChats.framework in Frameworks */,
			);
			runOnlyForDeploymentPostprocessing = 0;
		};
/* End PBXFrameworksBuildPhase section */

/* Begin PBXGroup section */
		06376AA9F10C3B71E5C32879 /* Frameworks */ = {
			isa = PBXGroup;
			children = (
				6A5776BE6C5D76F92C19CB49 /* Pods_SnapChats.framework */,
			);
			name = Frameworks;
			sourceTree = "<group>";
		};
		22AD08A06CCB214FBBBF8CF2 /* Pods */ = {
			isa = PBXGroup;
			children = (
				622D49580DD9E87C24AC8E27 /* Pods-SnapChats.debug.xcconfig */,
				7553513AB55497C341C7EC59 /* Pods-SnapChats.release.xcconfig */,
			);
			name = Pods;
			sourceTree = "<group>";
		};
		688EBB3F20AA113E005DEE6C = {
			isa = PBXGroup;
			children = (
				688EBB4A20AA113E005DEE6C /* SnapChats */,
				688EBB4920AA113E005DEE6C /* Products */,
				22AD08A06CCB214FBBBF8CF2 /* Pods */,
				06376AA9F10C3B71E5C32879 /* Frameworks */,
			);
			sourceTree = "<group>";
		};
		688EBB4920AA113E005DEE6C /* Products */ = {
			isa = PBXGroup;
			children = (
				688EBB4820AA113E005DEE6C /* SnapChats.app */,
			);
			name = Products;
			sourceTree = "<group>";
		};
		688EBB4A20AA113E005DEE6C /* SnapChats */ = {
			isa = PBXGroup;
			children = (
				688EBB4B20AA113E005DEE6C /* AppDelegate.swift */,
				688EBB4D20AA113E005DEE6C /* iniciarSesionViewController.swift */,
				688EBB4F20AA113E005DEE6C /* Main.storyboard */,
				688EBB5220AA113F005DEE6C /* Assets.xcassets */,
				688EBB5F20AA219F005DEE6C /* 1.jpg */,
				688EBB5420AA113F005DEE6C /* LaunchScreen.storyboard */,
				688EBB5720AA113F005DEE6C /* Info.plist */,
				688EBB5D20AA16BE005DEE6C /* GoogleService-Info.plist */,
			);
			path = SnapChats;
			sourceTree = "<group>";
		};
/* End PBXGroup section */

/* Begin PBXNativeTarget section */
		688EBB4720AA113E005DEE6C /* SnapChats */ = {
			isa = PBXNativeTarget;
			buildConfigurationList = 688EBB5A20AA113F005DEE6C /* Build configuration list for PBXNativeTarget "SnapChats" */;
			buildPhases = (
				CDF4812F13FD44E7A2DA5E83 /* [CP] Check Pods Manifest.lock */,
				688EBB4420AA113E005DEE6C /* Sources */,
				688EBB4520AA113E005DEE6C /* Frameworks */,
				688EBB4620AA113E005DEE6C /* Resources */,
				B9CC7A1FB6EFC0067BD9201B /* [CP] Embed Pods Frameworks */,
			);
			buildRules = (
			);
			dependencies = (
			);
			name = SnapChats;
			productName = SnapChats;
			productReference = 688EBB4820AA113E005DEE6C /* SnapChats.app */;
			productType = "com.apple.product-type.application";
		};
/* End PBXNativeTarget section */

/* Begin PBXProject section */
		688EBB4020AA113E005DEE6C /* Project object */ = {
			isa = PBXProject;
			attributes = {
				LastSwiftUpdateCheck = 0930;
				LastUpgradeCheck = 0930;
				ORGANIZATIONNAME = Tecsup;
				TargetAttributes = {
					688EBB4720AA113E005DEE6C = {
						CreatedOnToolsVersion = 9.3;
					};
				};
			};
			buildConfigurationList = 688EBB4320AA113E005DEE6C /* Build configuration list for PBXProject "SnapChats" */;
			compatibilityVersion = "Xcode 9.3";
			developmentRegion = en;
			hasScannedForEncodings = 0;
			knownRegions = (
				en,
				Base,
			);
			mainGroup = 688EBB3F20AA113E005DEE6C;
			productRefGroup = 688EBB4920AA113E005DEE6C /* Products */;
			projectDirPath = "";
			projectRoot = "";
			targets = (
				688EBB4720AA113E005DEE6C /* SnapChats */,
			);
		};
/* End PBXProject section */

/* Begin PBXResourcesBuildPhase section */
		688EBB4620AA113E005DEE6C /* Resources */ = {
			isa = PBXResourcesBuildPhase;
			buildActionMask = 2147483647;
			files = (
				688EBB5620AA113F005DEE6C /* LaunchScreen.storyboard in Resources */,
				688EBB5E20AA16BE005DEE6C /* GoogleService-Info.plist in Resources */,
				688EBB5320AA113F005DEE6C /* Assets.xcassets in Resources */,
				688EBB5120AA113E005DEE6C /* Main.storyboard in Resources */,
				688EBB6020AA219F005DEE6C /* 1.jpg in Resources */,
			);
			runOnlyForDeploymentPostprocessing = 0;
		};
/* End PBXResourcesBuildPhase section */

/* Begin PBXShellScriptBuildPhase section */
		B9CC7A1FB6EFC0067BD9201B /* [CP] Embed Pods Frameworks */ = {
			isa = PBXShellScriptBuildPhase;
			buildActionMask = 2147483647;
			files = (
			);
			inputPaths = (
				"${SRCROOT}/Pods/Target Support Files/Pods-SnapChats/Pods-SnapChats-frameworks.sh",
				"${BUILT_PRODUCTS_DIR}/GTMSessionFetcher/GTMSessionFetcher.framework",
				"${BUILT_PRODUCTS_DIR}/GoogleToolboxForMac/GoogleToolboxForMac.framework",
				"${BUILT_PRODUCTS_DIR}/leveldb-library/leveldb.framework",
				"${BUILT_PRODUCTS_DIR}/nanopb/nanopb.framework",
			);
			name = "[CP] Embed Pods Frameworks";
			outputPaths = (
				"${TARGET_BUILD_DIR}/${FRAMEWORKS_FOLDER_PATH}/GTMSessionFetcher.framework",
				"${TARGET_BUILD_DIR}/${FRAMEWORKS_FOLDER_PATH}/GoogleToolboxForMac.framework",
				"${TARGET_BUILD_DIR}/${FRAMEWORKS_FOLDER_PATH}/leveldb.framework",
				"${TARGET_BUILD_DIR}/${FRAMEWORKS_FOLDER_PATH}/nanopb.framework",
			);
			runOnlyForDeploymentPostprocessing = 0;
			shellPath = /bin/sh;
			shellScript = "\"${SRCROOT}/Pods/Target Support Files/Pods-SnapChats/Pods-SnapChats-frameworks.sh\"\n";
			showEnvVarsInLog = 0;
		};
		CDF4812F13FD44E7A2DA5E83 /* [CP] Check Pods Manifest.lock */ = {
			isa = PBXShellScriptBuildPhase;
			buildActionMask = 2147483647;
			files = (
			);
			inputPaths = (
				"${PODS_PODFILE_DIR_PATH}/Podfile.lock",
				"${PODS_ROOT}/Manifest.lock",
			);
			name = "[CP] Check Pods Manifest.lock";
			outputPaths = (
				"$(DERIVED_FILE_DIR)/Pods-SnapChats-checkManifestLockResult.txt",
			);
			runOnlyForDeploymentPostprocessing = 0;
			shellPath = /bin/sh;
			shellScript = "diff \"${PODS_PODFILE_DIR_PATH}/Podfile.lock\" \"${PODS_ROOT}/Manifest.lock\" > /dev/null\nif [ $? != 0 ] ; then\n    # print error to STDERR\n    echo \"error: The sandbox is not in sync with the Podfile.lock. Run 'pod install' or update your CocoaPods installation.\" >&2\n    exit 1\nfi\n# This output is used by Xcode 'outputs' to avoid re-running this script phase.\necho \"SUCCESS\" > \"${SCRIPT_OUTPUT_FILE_0}\"\n";
			showEnvVarsInLog = 0;
		};
/* End PBXShellScriptBuildPhase section */

/* Begin PBXSourcesBuildPhase section */
		688EBB4420AA113E005DEE6C /* Sources */ = {
			isa = PBXSourcesBuildPhase;
			buildActionMask = 2147483647;
			files = (
				688EBB4E20AA113E005DEE6C /* iniciarSesionViewController.swift in Sources */,
				688EBB4C20AA113E005DEE6C /* AppDelegate.swift in Sources */,
			);
			runOnlyForDeploymentPostprocessing = 0;
		};
/* End PBXSourcesBuildPhase section */

/* Begin PBXVariantGroup section */
		688EBB4F20AA113E005DEE6C /* Main.storyboard */ = {
			isa = PBXVariantGroup;
			children = (
				688EBB5020AA113E005DEE6C /* Base */,
			);
			name = Main.storyboard;
			sourceTree = "<group>";
		};
		688EBB5420AA113F005DEE6C /* LaunchScreen.storyboard */ = {
			isa = PBXVariantGroup;
			children = (
				688EBB5520AA113F005DEE6C /* Base */,
			);
			name = LaunchScreen.storyboard;
			sourceTree = "<group>";
		};
/* End PBXVariantGroup section */

/* Begin XCBuildConfiguration section */
		688EBB5820AA113F005DEE6C /* Debug */ = {
			isa = XCBuildConfiguration;
			buildSettings = {
				ALWAYS_SEARCH_USER_PATHS = NO;
				CLANG_ANALYZER_NONNULL = YES;
				CLANG_ANALYZER_NUMBER_OBJECT_CONVERSION = YES_AGGRESSIVE;
				CLANG_CXX_LANGUAGE_STANDARD = "gnu++14";
				CLANG_CXX_LIBRARY = "libc++";
				CLANG_ENABLE_MODULES = YES;
				CLANG_ENABLE_OBJC_ARC = YES;
				CLANG_ENABLE_OBJC_WEAK = YES;
				CLANG_WARN_BLOCK_CAPTURE_AUTORELEASING = YES;
				CLANG_WARN_BOOL_CONVERSION = YES;
				CLANG_WARN_COMMA = YES;
				CLANG_WARN_CONSTANT_CONVERSION = YES;
				CLANG_WARN_DEPRECATED_OBJC_IMPLEMENTATIONS = YES;
				CLANG_WARN_DIRECT_OBJC_ISA_USAGE = YES_ERROR;
				CLANG_WARN_DOCUMENTATION_COMMENTS = YES;
				CLANG_WARN_EMPTY_BODY = YES;
				CLANG_WARN_ENUM_CONVERSION = YES;
				CLANG_WARN_INFINITE_RECURSION = YES;
				CLANG_WARN_INT_CONVERSION = YES;
				CLANG_WARN_NON_LITERAL_NULL_CONVERSION = YES;
				CLANG_WARN_OBJC_IMPLICIT_RETAIN_SELF = YES;
				CLANG_WARN_OBJC_LITERAL_CONVERSION = YES;
				CLANG_WARN_OBJC_ROOT_CLASS = YES_ERROR;
				CLANG_WARN_RANGE_LOOP_ANALYSIS = YES;
				CLANG_WARN_STRICT_PROTOTYPES = YES;
				CLANG_WARN_SUSPICIOUS_MOVE = YES;
				CLANG_WARN_UNGUARDED_AVAILABILITY = YES_AGGRESSIVE;
				CLANG_WARN_UNREACHABLE_CODE = YES;
				CLANG_WARN__DUPLICATE_METHOD_MATCH = YES;
				CODE_SIGN_IDENTITY = "iPhone Developer";
				COPY_PHASE_STRIP = NO;
				DEBUG_INFORMATION_FORMAT = dwarf;
				ENABLE_STRICT_OBJC_MSGSEND = YES;
				ENABLE_TESTABILITY = YES;
				GCC_C_LANGUAGE_STANDARD = gnu11;
				GCC_DYNAMIC_NO_PIC = NO;
				GCC_NO_COMMON_BLOCKS = YES;
				GCC_OPTIMIZATION_LEVEL = 0;
				GCC_PREPROCESSOR_DEFINITIONS = (
					"DEBUG=1",
					"$(inherited)",
				);
				GCC_WARN_64_TO_32_BIT_CONVERSION = YES;
				GCC_WARN_ABOUT_RETURN_TYPE = YES_ERROR;
				GCC_WARN_UNDECLARED_SELECTOR = YES;
				GCC_WARN_UNINITIALIZED_AUTOS = YES_AGGRESSIVE;
				GCC_WARN_UNUSED_FUNCTION = YES;
				GCC_WARN_UNUSED_VARIABLE = YES;
				IPHONEOS_DEPLOYMENT_TARGET = 11.3;
				MTL_ENABLE_DEBUG_INFO = YES;
				ONLY_ACTIVE_ARCH = YES;
				SDKROOT = iphoneos;
				SWIFT_ACTIVE_COMPILATION_CONDITIONS = DEBUG;
				SWIFT_OPTIMIZATION_LEVEL = "-Onone";
			};
			name = Debug;
		};
		688EBB5920AA113F005DEE6C /* Release */ = {
			isa = XCBuildConfiguration;
			buildSettings = {
				ALWAYS_SEARCH_USER_PATHS = NO;
				CLANG_ANALYZER_NONNULL = YES;
				CLANG_ANALYZER_NUMBER_OBJECT_CONVERSION = YES_AGGRESSIVE;
				CLANG_CXX_LANGUAGE_STANDARD = "gnu++14";
				CLANG_CXX_LIBRARY = "libc++";
				CLANG_ENABLE_MODULES = YES;
				CLANG_ENABLE_OBJC_ARC = YES;
				CLANG_ENABLE_OBJC_WEAK = YES;
				CLANG_WARN_BLOCK_CAPTURE_AUTORELEASING = YES;
				CLANG_WARN_BOOL_CONVERSION = YES;
				CLANG_WARN_COMMA = YES;
				CLANG_WARN_CONSTANT_CONVERSION = YES;
				CLANG_WARN_DEPRECATED_OBJC_IMPLEMENTATIONS = YES;
				CLANG_WARN_DIRECT_OBJC_ISA_USAGE = YES_ERROR;
				CLANG_WARN_DOCUMENTATION_COMMENTS = YES;
				CLANG_WARN_EMPTY_BODY = YES;
				CLANG_WARN_ENUM_CONVERSION = YES;
				CLANG_WARN_INFINITE_RECURSION = YES;
				CLANG_WARN_INT_CONVERSION = YES;
				CLANG_WARN_NON_LITERAL_NULL_CONVERSION = YES;
				CLANG_WARN_OBJC_IMPLICIT_RETAIN_SELF = YES;
				CLANG_WARN_OBJC_LITERAL_CONVERSION = YES;
				CLANG_WARN_OBJC_ROOT_CLASS = YES_ERROR;
				CLANG_WARN_RANGE_LOOP_ANALYSIS = YES;
				CLANG_WARN_STRICT_PROTOTYPES = YES;
				CLANG_WARN_SUSPICIOUS_MOVE = YES;
				CLANG_WARN_UNGUARDED_AVAILABILITY = YES_AGGRESSIVE;
				CLANG_WARN_UNREACHABLE_CODE = YES;
				CLANG_WARN__DUPLICATE_METHOD_MATCH = YES;
				CODE_SIGN_IDENTITY = "iPhone Developer";
				COPY_PHASE_STRIP = NO;
				DEBUG_INFORMATION_FORMAT = "dwarf-with-dsym";
				ENABLE_NS_ASSERTIONS = NO;
				ENABLE_STRICT_OBJC_MSGSEND = YES;
				GCC_C_LANGUAGE_STANDARD = gnu11;
				GCC_NO_COMMON_BLOCKS = YES;
				GCC_WARN_64_TO_32_BIT_CONVERSION = YES;
				GCC_WARN_ABOUT_RETURN_TYPE = YES_ERROR;
				GCC_WARN_UNDECLARED_SELECTOR = YES;
				GCC_WARN_UNINITIALIZED_AUTOS = YES_AGGRESSIVE;
				GCC_WARN_UNUSED_FUNCTION = YES;
				GCC_WARN_UNUSED_VARIABLE = YES;
				IPHONEOS_DEPLOYMENT_TARGET = 11.3;
				MTL_ENABLE_DEBUG_INFO = NO;
				SDKROOT = iphoneos;
				SWIFT_COMPILATION_MODE = wholemodule;
				SWIFT_OPTIMIZATION_LEVEL = "-O";
				VALIDATE_PRODUCT = YES;
			};
			name = Release;
		};
		688EBB5B20AA113F005DEE6C /* Debug */ = {
			isa = XCBuildConfiguration;
			baseConfigurationReference = 622D49580DD9E87C24AC8E27 /* Pods-SnapChats.debug.xcconfig */;
			buildSettings = {
				ASSETCATALOG_COMPILER_APPICON_NAME = AppIcon;
				CODE_SIGN_STYLE = Automatic;
				DEVELOPMENT_TEAM = 58YCM4VQQR;
				INFOPLIST_FILE = SnapChats/Info.plist;
				LD_RUNPATH_SEARCH_PATHS = (
					"$(inherited)",
					"@executable_path/Frameworks",
				);
				PRODUCT_BUNDLE_IDENTIFIER = com.tecsup.SnapChats;
				PRODUCT_NAME = "$(TARGET_NAME)";
				SWIFT_VERSION = 4.0;
				TARGETED_DEVICE_FAMILY = "1,2";
			};
			name = Debug;
		};
		688EBB5C20AA113F005DEE6C /* Release */ = {
			isa = XCBuildConfiguration;
			baseConfigurationReference = 7553513AB55497C341C7EC59 /* Pods-SnapChats.release.xcconfig */;
			buildSettings = {
				ASSETCATALOG_COMPILER_APPICON_NAME = AppIcon;
				CODE_SIGN_STYLE = Automatic;
				DEVELOPMENT_TEAM = 58YCM4VQQR;
				INFOPLIST_FILE = SnapChats/Info.plist;
				LD_RUNPATH_SEARCH_PATHS = (
					"$(inherited)",
					"@executable_path/Frameworks",
				);
				PRODUCT_BUNDLE_IDENTIFIER = com.tecsup.SnapChats;
				PRODUCT_NAME = "$(TARGET_NAME)";
				SWIFT_VERSION = 4.0;
				TARGETED_DEVICE_FAMILY = "1,2";
			};
			name = Release;
		};
/* End XCBuildConfiguration section */

/* Begin XCConfigurationList section */
		688EBB4320AA113E005DEE6C /* Build configuration list for PBXProject "SnapChats" */ = {
			isa = XCConfigurationList;
			buildConfigurations = (
				688EBB5820AA113F005DEE6C /* Debug */,
				688EBB5920AA113F005DEE6C /* Release */,
			);
			defaultConfigurationIsVisible = 0;
			defaultConfigurationName = Release;
		};
		688EBB5A20AA113F005DEE6C /* Build configuration list for PBXNativeTarget "SnapChats" */ = {
			isa = XCConfigurationList;
			buildConfigurations = (
				688EBB5B20AA113F005DEE6C /* Debug */,
				688EBB5C20AA113F005DEE6C /* Release */,
			);
			defaultConfigurationIsVisible = 0;
			defaultConfigurationName = Release;
		};
/* End XCConfigurationList section */
	};
	rootObject = 688EBB4020AA113E005DEE6C /* Project object */;
}
